
Microsoft Visual Studio Solution File, Format Version 12.00
# Visual Studio Version 17
VisualStudioVersion = 17.10.35013.160
MinimumVisualStudioVersion = 10.0.40219.1
Project("{FAE04EC0-301F-11D3-BF4B-00C04F79EFBC}") = "lab3", "lab3\lab3.csproj", "{7FDD24FD-E1B2-482B-A3ED-E8D22B7E8350}"
EndProject
Global
	GlobalSection(SolutionConfigurationPlatforms) = preSolution
		Debug|Any CPU = Debug|Any CPU
		Release|Any CPU = Release|Any CPU
	EndGlobalSection
	GlobalSection(ProjectConfigurationPlatforms) = postSolution
		{7FDD24FD-E1B2-482B-A3ED-E8D22B7E8350}.Debug|Any CPU.ActiveCfg = Debug|Any CPU
		{7FDD24FD-E1B2-482B-A3ED-E8D22B7E8350}.Debug|Any CPU.Build.0 = Debug|Any CPU
		{7FDD24FD-E1B2-482B-A3ED-E8D22B7E8350}.Release|Any CPU.ActiveCfg = Release|Any CPU
		{7FDD24FD-E1B2-482B-A3ED-E8D22B7E8350}.Release|Any CPU.Build.0 = Release|Any CPU
	EndGlobalSection
	GlobalSection(SolutionProperties) = preSolution
		HideSolutionNode = FALSE
	EndGlobalSection
	GlobalSection(ExtensibilityGlobals) = postSolution
		SolutionGuid = {C736A58D-026C-4411-A90B-53AFF51EE22D}
	EndGlobalSection
EndGlobal
